// !$*UTF8*$!
{
	archiveVersion = 1;
	classes = {
	};
	objectVersion = 44;
	objects = {

/* Begin PBXAggregateTarget section */
		172754BD107597F200D0347B /* Unit Tests */ = {
			isa = PBXAggregateTarget;
			buildConfigurationList = 172754C7107597F400D0347B /* Build configuration list for PBXAggregateTarget "Unit Tests" */;
			buildPhases = (
				172754BC107597F200D0347B /* ShellScript */,
			);
			dependencies = (
			);
			name = "Unit Tests";
			productName = "Unit Tests";
		};
		4D1A51A510A4FF640046A98A /* Embed */ = {
			isa = PBXAggregateTarget;
			buildConfigurationList = 4D1A51AC10A4FF6A0046A98A /* Build configuration list for PBXAggregateTarget "Embed" */;
			buildPhases = (
				4D1A51A410A4FF640046A98A /* ShellScript */,
			);
			dependencies = (
			);
			name = Embed;
			productName = Embed;
		};
/* End PBXAggregateTarget section */

/* Begin PBXBuildFile section */
		2BFA9DA710CDF852007972A1 /* MainMenu.xib in Resources */ = {isa = PBXBuildFile; fileRef = 2BFA9DA510CDF852007972A1 /* MainMenu.xib */; };
		4DE339F70D74FCDD00ADB6EE /* rb_main.rb in Resources */ = {isa = PBXBuildFile; fileRef = 4DE339F60D74FCDD00ADB6EE /* rb_main.rb */; };
		4DE3BE140D8651D900ECA448 /* MacRuby.framework in Frameworks */ = {isa = PBXBuildFile; fileRef = 4DE3BE130D8651D900ECA448 /* MacRuby.framework */; };
		8D11072B0486CEB800E47090 /* InfoPlist.strings in Resources */ = {isa = PBXBuildFile; fileRef = 089C165CFE840E0CC02AAC07 /* InfoPlist.strings */; };
		8D11072D0486CEB800E47090 /* main.m in Sources */ = {isa = PBXBuildFile; fileRef = 29B97316FDCFA39411CA2CEA /* main.m */; settings = {ATTRIBUTES = (); }; };
		8D11072F0486CEB800E47090 /* Cocoa.framework in Frameworks */ = {isa = PBXBuildFile; fileRef = 1058C7A1FEA54F0111CA2CBB /* Cocoa.framework */; };
		EB0705281327E61500BA0AFB /* Spectrum3D.xib in Resources */ = {isa = PBXBuildFile; fileRef = EB0705271327E61500BA0AFB /* Spectrum3D.xib */; };
		EB07052A1327E63B00BA0AFB /* Spectrum3DController.rb in Resources */ = {isa = PBXBuildFile; fileRef = EB0705291327E63B00BA0AFB /* Spectrum3DController.rb */; };
		EB07052F1327E69D00BA0AFB /* SpectrumView3D.mm in Sources */ = {isa = PBXBuildFile; fileRef = EB07052C1327E69D00BA0AFB /* SpectrumView3D.mm */; };
		EB0705301327E69D00BA0AFB /* 3d.mm in Sources */ = {isa = PBXBuildFile; fileRef = EB07052E1327E69D00BA0AFB /* 3d.mm */; };
		EB0FBAE51358809A00B13381 /* RangeX.m in Sources */ = {isa = PBXBuildFile; fileRef = EB0FBAE41358809A00B13381 /* RangeX.m */; };
		EB1AFD0A12C53D16007C2648 /* JavaScriptCore.framework in Frameworks */ = {isa = PBXBuildFile; fileRef = EB1AFD0912C53D16007C2648 /* JavaScriptCore.framework */; };
		EB2F89A212FD92420038A3FE /* main.cpp in Sources */ = {isa = PBXBuildFile; fileRef = EB2F898112FD91470038A3FE /* main.cpp */; };
		EB2F89B712FD952E0038A3FE /* fft.cpp in Sources */ = {isa = PBXBuildFile; fileRef = EB8A22E312FC4F9D0001A9EA /* fft.cpp */; };
		EB5FDD2312D2FE5400B34D5A /* Aiff.mm in Sources */ = {isa = PBXBuildFile; fileRef = EB5FDD2012D2FE5400B34D5A /* Aiff.mm */; };
		EB5FDD2412D2FE5400B34D5A /* ieee.c in Sources */ = {isa = PBXBuildFile; fileRef = EB5FDD2112D2FE5400B34D5A /* ieee.c */; };
		EB62FDF612F6D973001F1B87 /* SpectrumView.mm in Sources */ = {isa = PBXBuildFile; fileRef = EB62FDF512F6D973001F1B87 /* SpectrumView.mm */; };
		EB6F83F61358DEFE007E0228 /* PercentStringTransformer.m in Sources */ = {isa = PBXBuildFile; fileRef = EB6F83F51358DEFE007E0228 /* PercentStringTransformer.m */; };
		EB8A22E412FC4F9D0001A9EA /* fft.cpp in Sources */ = {isa = PBXBuildFile; fileRef = EB8A22E312FC4F9D0001A9EA /* fft.cpp */; };
		EB90B1CC12DA34EC00A44013 /* WholeViewObjC.mm in Sources */ = {isa = PBXBuildFile; fileRef = EB90B1CB12DA34EC00A44013 /* WholeViewObjC.mm */; };
		EB93A5AF12C34CBD0053A09C /* CoreAudioKit.framework in Frameworks */ = {isa = PBXBuildFile; fileRef = EB93A5AE12C34CBD0053A09C /* CoreAudioKit.framework */; };
		EB93A5CC12C34D530053A09C /* CoreAudio.framework in Frameworks */ = {isa = PBXBuildFile; fileRef = EB93A5CB12C34D530053A09C /* CoreAudio.framework */; };
		EBB1B75E12BB368300E07FD0 /* Controller.rb in Resources */ = {isa = PBXBuildFile; fileRef = EBB1B75D12BB368300E07FD0 /* Controller.rb */; };
		EBB1B78312BB385A00E07FD0 /* AUProcessor.mm in Sources */ = {isa = PBXBuildFile; fileRef = EBB1B78212BB385A00E07FD0 /* AUProcessor.mm */; };
		EBB6F8DD12E20CAA00DE75FB /* MainView.rb in Resources */ = {isa = PBXBuildFile; fileRef = EBB6F8DC12E20CAA00DE75FB /* MainView.rb */; };
		EBD0F6B612D5BF1A00CF6B7B /* util.mm in Sources */ = {isa = PBXBuildFile; fileRef = EBD0F6B512D5BF1A00CF6B7B /* util.mm */; };
		EBD0F6BB12D5C02000CF6B7B /* SinGenerator.mm in Sources */ = {isa = PBXBuildFile; fileRef = EBD0F6BA12D5C02000CF6B7B /* SinGenerator.mm */; };
		EBF5D61812C5A85E00AD3C6C /* RUtil.rb in Resources */ = {isa = PBXBuildFile; fileRef = EBF5D61712C5A85E00AD3C6C /* RUtil.rb */; };
		EBFEE11512BFA09600061CF6 /* AudioUnit.framework in Frameworks */ = {isa = PBXBuildFile; fileRef = EBFEE11412BFA09600061CF6 /* AudioUnit.framework */; };
/* End PBXBuildFile section */

/* Begin PBXCopyFilesBuildPhase section */
		172754B4107597CF00D0347B /* CopyFiles */ = {
			isa = PBXCopyFilesBuildPhase;
			buildActionMask = 2147483647;
			dstPath = "";
			dstSubfolderSpec = 10;
			files = (
			);
			runOnlyForDeploymentPostprocessing = 0;
		};
/* End PBXCopyFilesBuildPhase section */

/* Begin PBXFileReference section */
		089C165DFE840E0CC02AAC07 /* English */ = {isa = PBXFileReference; fileEncoding = 10; lastKnownFileType = text.plist.strings; name = English; path = English.lproj/InfoPlist.strings; sourceTree = "<group>"; };
		1058C7A1FEA54F0111CA2CBB /* Cocoa.framework */ = {isa = PBXFileReference; lastKnownFileType = wrapper.framework; name = Cocoa.framework; path = /System/Library/Frameworks/Cocoa.framework; sourceTree = "<absolute>"; };
		13E42FB307B3F0F600E4EEF1 /* CoreData.framework */ = {isa = PBXFileReference; lastKnownFileType = wrapper.framework; name = CoreData.framework; path = /System/Library/Frameworks/CoreData.framework; sourceTree = "<absolute>"; };
		172754D5107598EA00D0347B /* stub_test.rb */ = {isa = PBXFileReference; fileEncoding = 4; lastKnownFileType = text.script.ruby; path = stub_test.rb; sourceTree = "<group>"; };
		17D55CD81076A1A2008207BD /* run_suite.rb */ = {isa = PBXFileReference; fileEncoding = 4; lastKnownFileType = text.script.ruby; path = run_suite.rb; sourceTree = "<group>"; };
		29B97316FDCFA39411CA2CEA /* main.m */ = {isa = PBXFileReference; fileEncoding = 4; lastKnownFileType = sourcecode.c.objc; path = main.m; sourceTree = "<group>"; };
		29B97324FDCFA39411CA2CEA /* AppKit.framework */ = {isa = PBXFileReference; lastKnownFileType = wrapper.framework; name = AppKit.framework; path = /System/Library/Frameworks/AppKit.framework; sourceTree = "<absolute>"; };
		29B97325FDCFA39411CA2CEA /* Foundation.framework */ = {isa = PBXFileReference; lastKnownFileType = wrapper.framework; name = Foundation.framework; path = /System/Library/Frameworks/Foundation.framework; sourceTree = "<absolute>"; };
		2BFA9DA610CDF852007972A1 /* English */ = {isa = PBXFileReference; lastKnownFileType = file.xib; name = English; path = English.lproj/MainMenu.xib; sourceTree = "<group>"; };
		4DE339F60D74FCDD00ADB6EE /* rb_main.rb */ = {isa = PBXFileReference; fileEncoding = 4; lastKnownFileType = text.script.ruby; path = rb_main.rb; sourceTree = "<group>"; };
		4DE3BE130D8651D900ECA448 /* MacRuby.framework */ = {isa = PBXFileReference; lastKnownFileType = wrapper.framework; name = MacRuby.framework; path = /Library/Frameworks/MacRuby.framework; sourceTree = "<absolute>"; };
		8D1107310486CEB800E47090 /* Info.plist */ = {isa = PBXFileReference; fileEncoding = 4; lastKnownFileType = text.plist.xml; path = Info.plist; sourceTree = "<group>"; };
		8D1107320486CEB800E47090 /* AiffPlayer.app */ = {isa = PBXFileReference; explicitFileType = wrapper.application; includeInIndex = 0; path = AiffPlayer.app; sourceTree = BUILT_PRODUCTS_DIR; };
		EB0705271327E61500BA0AFB /* Spectrum3D.xib */ = {isa = PBXFileReference; lastKnownFileType = file.xib; path = Spectrum3D.xib; sourceTree = "<group>"; };
		EB0705291327E63B00BA0AFB /* Spectrum3DController.rb */ = {isa = PBXFileReference; fileEncoding = 4; lastKnownFileType = text.script.ruby; path = Spectrum3DController.rb; sourceTree = "<group>"; };
		EB07052B1327E69D00BA0AFB /* SpectrumView3D.h */ = {isa = PBXFileReference; fileEncoding = 4; lastKnownFileType = sourcecode.c.h; path = SpectrumView3D.h; sourceTree = "<group>"; };
		EB07052C1327E69D00BA0AFB /* SpectrumView3D.mm */ = {isa = PBXFileReference; fileEncoding = 4; lastKnownFileType = sourcecode.cpp.objcpp; path = SpectrumView3D.mm; sourceTree = "<group>"; };
		EB07052D1327E69D00BA0AFB /* 3d.h */ = {isa = PBXFileReference; fileEncoding = 4; lastKnownFileType = sourcecode.c.h; path = 3d.h; sourceTree = "<group>"; };
		EB07052E1327E69D00BA0AFB /* 3d.mm */ = {isa = PBXFileReference; fileEncoding = 4; lastKnownFileType = sourcecode.cpp.objcpp; path = 3d.mm; sourceTree = "<group>"; };
		EB0FBAE31358809A00B13381 /* RangeX.h */ = {isa = PBXFileReference; fileEncoding = 4; lastKnownFileType = sourcecode.c.h; path = RangeX.h; sourceTree = "<group>"; };
		EB0FBAE41358809A00B13381 /* RangeX.m */ = {isa = PBXFileReference; fileEncoding = 4; lastKnownFileType = sourcecode.c.objc; path = RangeX.m; sourceTree = "<group>"; };
		EB1AFD0912C53D16007C2648 /* JavaScriptCore.framework */ = {isa = PBXFileReference; lastKnownFileType = wrapper.framework; name = JavaScriptCore.framework; path = System/Library/Frameworks/JavaScriptCore.framework; sourceTree = SDKROOT; };
		EB2F898012FD91470038A3FE /* main.h */ = {isa = PBXFileReference; fileEncoding = 4; lastKnownFileType = sourcecode.c.h; path = main.h; sourceTree = "<group>"; };
		EB2F898112FD91470038A3FE /* main.cpp */ = {isa = PBXFileReference; fileEncoding = 4; lastKnownFileType = sourcecode.cpp.cpp; path = main.cpp; sourceTree = "<group>"; };
		EB2F899D12FD920A0038A3FE /* testfft2 */ = {isa = PBXFileReference; explicitFileType = "compiled.mach-o.executable"; includeInIndex = 0; path = testfft2; sourceTree = BUILT_PRODUCTS_DIR; };
		EB5FDD1F12D2FE5400B34D5A /* Aiff.h */ = {isa = PBXFileReference; fileEncoding = 4; lastKnownFileType = sourcecode.c.h; path = Aiff.h; sourceTree = "<group>"; };
		EB5FDD2012D2FE5400B34D5A /* Aiff.mm */ = {isa = PBXFileReference; fileEncoding = 4; lastKnownFileType = sourcecode.cpp.objcpp; path = Aiff.mm; sourceTree = "<group>"; };
		EB5FDD2112D2FE5400B34D5A /* ieee.c */ = {isa = PBXFileReference; fileEncoding = 4; lastKnownFileType = sourcecode.c.c; path = ieee.c; sourceTree = "<group>"; };
		EB5FDD2212D2FE5400B34D5A /* ieee.h */ = {isa = PBXFileReference; fileEncoding = 4; lastKnownFileType = sourcecode.c.h; path = ieee.h; sourceTree = "<group>"; };
		EB62FDF412F6D973001F1B87 /* SpectrumView.h */ = {isa = PBXFileReference; fileEncoding = 4; lastKnownFileType = sourcecode.c.h; path = SpectrumView.h; sourceTree = "<group>"; };
		EB62FDF512F6D973001F1B87 /* SpectrumView.mm */ = {isa = PBXFileReference; fileEncoding = 4; lastKnownFileType = sourcecode.cpp.objcpp; path = SpectrumView.mm; sourceTree = "<group>"; };
		EB6F83F41358DEFE007E0228 /* PercentStringTransformer.h */ = {isa = PBXFileReference; fileEncoding = 4; lineEnding = 0; path = PercentStringTransformer.h; sourceTree = "<group>"; xcLanguageSpecificationIdentifier = xcode.lang.objcpp; };
		EB6F83F51358DEFE007E0228 /* PercentStringTransformer.m */ = {isa = PBXFileReference; fileEncoding = 4; lastKnownFileType = sourcecode.c.objc; lineEnding = 0; path = PercentStringTransformer.m; sourceTree = "<group>"; xcLanguageSpecificationIdentifier = xcode.lang.objc; };
		EB8A22E212FC4F9D0001A9EA /* fft.h */ = {isa = PBXFileReference; fileEncoding = 4; lastKnownFileType = sourcecode.c.h; path = fft.h; sourceTree = "<group>"; };
		EB8A22E312FC4F9D0001A9EA /* fft.cpp */ = {isa = PBXFileReference; fileEncoding = 4; lastKnownFileType = sourcecode.cpp.cpp; path = fft.cpp; sourceTree = "<group>"; };
		EB90B1CA12DA34E500A44013 /* WholeViewObjC.h */ = {isa = PBXFileReference; fileEncoding = 4; lastKnownFileType = sourcecode.c.h; path = WholeViewObjC.h; sourceTree = "<group>"; };
		EB90B1CB12DA34EC00A44013 /* WholeViewObjC.mm */ = {isa = PBXFileReference; fileEncoding = 4; lastKnownFileType = sourcecode.cpp.objcpp; path = WholeViewObjC.mm; sourceTree = "<group>"; };
		EB93A5AE12C34CBD0053A09C /* CoreAudioKit.framework */ = {isa = PBXFileReference; lastKnownFileType = wrapper.framework; name = CoreAudioKit.framework; path = System/Library/Frameworks/CoreAudioKit.framework; sourceTree = SDKROOT; };
		EB93A5CB12C34D530053A09C /* CoreAudio.framework */ = {isa = PBXFileReference; lastKnownFileType = wrapper.framework; name = CoreAudio.framework; path = System/Library/Frameworks/CoreAudio.framework; sourceTree = SDKROOT; };
		EBB1B75D12BB368300E07FD0 /* Controller.rb */ = {isa = PBXFileReference; fileEncoding = 4; lastKnownFileType = text.script.ruby; path = Controller.rb; sourceTree = "<group>"; };
		EBB1B78112BB385A00E07FD0 /* AUProcessor.h */ = {isa = PBXFileReference; fileEncoding = 4; lastKnownFileType = sourcecode.c.h; path = AUProcessor.h; sourceTree = "<group>"; };
		EBB1B78212BB385A00E07FD0 /* AUProcessor.mm */ = {isa = PBXFileReference; fileEncoding = 4; lastKnownFileType = sourcecode.cpp.objcpp; path = AUProcessor.mm; sourceTree = "<group>"; };
		EBB6F8DC12E20CAA00DE75FB /* MainView.rb */ = {isa = PBXFileReference; fileEncoding = 4; lastKnownFileType = text.script.ruby; path = MainView.rb; sourceTree = "<group>"; };
		EBD0F6B412D5BF1A00CF6B7B /* util.h */ = {isa = PBXFileReference; fileEncoding = 4; lastKnownFileType = sourcecode.c.h; path = util.h; sourceTree = "<group>"; };
		EBD0F6B512D5BF1A00CF6B7B /* util.mm */ = {isa = PBXFileReference; fileEncoding = 4; lastKnownFileType = sourcecode.cpp.objcpp; path = util.mm; sourceTree = "<group>"; };
		EBD0F6B912D5C02000CF6B7B /* SinGenerator.h */ = {isa = PBXFileReference; fileEncoding = 4; lastKnownFileType = sourcecode.c.h; path = SinGenerator.h; sourceTree = "<group>"; };
		EBD0F6BA12D5C02000CF6B7B /* SinGenerator.mm */ = {isa = PBXFileReference; fileEncoding = 4; lastKnownFileType = sourcecode.cpp.objcpp; path = SinGenerator.mm; sourceTree = "<group>"; };
		EBF5D61712C5A85E00AD3C6C /* RUtil.rb */ = {isa = PBXFileReference; fileEncoding = 4; lastKnownFileType = text.script.ruby; path = RUtil.rb; sourceTree = "<group>"; };
		EBFEE11412BFA09600061CF6 /* AudioUnit.framework */ = {isa = PBXFileReference; lastKnownFileType = wrapper.framework; name = AudioUnit.framework; path = System/Library/Frameworks/AudioUnit.framework; sourceTree = SDKROOT; };
/* End PBXFileReference section */

/* Begin PBXFrameworksBuildPhase section */
		8D11072E0486CEB800E47090 /* Frameworks */ = {
			isa = PBXFrameworksBuildPhase;
			buildActionMask = 2147483647;
			files = (
				8D11072F0486CEB800E47090 /* Cocoa.framework in Frameworks */,
				4DE3BE140D8651D900ECA448 /* MacRuby.framework in Frameworks */,
				EBFEE11512BFA09600061CF6 /* AudioUnit.framework in Frameworks */,
				EB93A5AF12C34CBD0053A09C /* CoreAudioKit.framework in Frameworks */,
				EB93A5CC12C34D530053A09C /* CoreAudio.framework in Frameworks */,
				EB1AFD0A12C53D16007C2648 /* JavaScriptCore.framework in Frameworks */,
			);
			runOnlyForDeploymentPostprocessing = 0;
		};
		EB2F899B12FD920A0038A3FE /* Frameworks */ = {
			isa = PBXFrameworksBuildPhase;
			buildActionMask = 2147483647;
			files = (
			);
			runOnlyForDeploymentPostprocessing = 0;
		};
/* End PBXFrameworksBuildPhase section */

/* Begin PBXGroup section */
		080E96DDFE201D6D7F000001 /* Classes */ = {
			isa = PBXGroup;
			children = (
				EB90B1CB12DA34EC00A44013 /* WholeViewObjC.mm */,
				EB90B1CA12DA34E500A44013 /* WholeViewObjC.h */,
				EBB1B75D12BB368300E07FD0 /* Controller.rb */,
				EB07052B1327E69D00BA0AFB /* SpectrumView3D.h */,
				EB07052C1327E69D00BA0AFB /* SpectrumView3D.mm */,
				EB0705291327E63B00BA0AFB /* Spectrum3DController.rb */,
				EB07052D1327E69D00BA0AFB /* 3d.h */,
				EB07052E1327E69D00BA0AFB /* 3d.mm */,
				EB8A22E212FC4F9D0001A9EA /* fft.h */,
				EB8A22E312FC4F9D0001A9EA /* fft.cpp */,
				EB5FDD1F12D2FE5400B34D5A /* Aiff.h */,
				EB5FDD2012D2FE5400B34D5A /* Aiff.mm */,
				EB0FBAE31358809A00B13381 /* RangeX.h */,
				EB0FBAE41358809A00B13381 /* RangeX.m */,
				EB62FDF412F6D973001F1B87 /* SpectrumView.h */,
				EB62FDF512F6D973001F1B87 /* SpectrumView.mm */,
				EB423EEB12D5D8B2009069BF /* Legacy */,
				EB423EE912D5D89F009069BF /* Utility */,
				EB62FD8912F6B4BE001F1B87 /* Aiff_internal */,
				EBB1B78112BB385A00E07FD0 /* AUProcessor.h */,
				EBB1B78212BB385A00E07FD0 /* AUProcessor.mm */,
				EBB6F8DC12E20CAA00DE75FB /* MainView.rb */,
				EB6F83F41358DEFE007E0228 /* PercentStringTransformer.h */,
				EB6F83F51358DEFE007E0228 /* PercentStringTransformer.m */,
			);
			name = Classes;
			sourceTree = "<group>";
		};
		1058C7A0FEA54F0111CA2CBB /* Linked Frameworks */ = {
			isa = PBXGroup;
			children = (
				4DE3BE130D8651D900ECA448 /* MacRuby.framework */,
				1058C7A1FEA54F0111CA2CBB /* Cocoa.framework */,
			);
			name = "Linked Frameworks";
			sourceTree = "<group>";
		};
		1058C7A2FEA54F0111CA2CBB /* Other Frameworks */ = {
			isa = PBXGroup;
			children = (
				EB1AFD0912C53D16007C2648 /* JavaScriptCore.framework */,
				EB93A5AE12C34CBD0053A09C /* CoreAudioKit.framework */,
				EBFEE11412BFA09600061CF6 /* AudioUnit.framework */,
				29B97324FDCFA39411CA2CEA /* AppKit.framework */,
				13E42FB307B3F0F600E4EEF1 /* CoreData.framework */,
				29B97325FDCFA39411CA2CEA /* Foundation.framework */,
				EB93A5CB12C34D530053A09C /* CoreAudio.framework */,
			);
			name = "Other Frameworks";
			sourceTree = "<group>";
		};
		172754AE1075979200D0347B /* Tests */ = {
			isa = PBXGroup;
			children = (
				172754D5107598EA00D0347B /* stub_test.rb */,
				17D55CD81076A1A2008207BD /* run_suite.rb */,
			);
			path = Tests;
			sourceTree = "<group>";
		};
		19C28FACFE9D520D11CA2CBB /* Products */ = {
			isa = PBXGroup;
			children = (
				8D1107320486CEB800E47090 /* AiffPlayer.app */,
				EB2F899D12FD920A0038A3FE /* testfft2 */,
			);
			name = Products;
			sourceTree = "<group>";
		};
		29B97314FDCFA39411CA2CEA /* AiffPlayer */ = {
			isa = PBXGroup;
			children = (
				172754AE1075979200D0347B /* Tests */,
				080E96DDFE201D6D7F000001 /* Classes */,
				29B97315FDCFA39411CA2CEA /* Other Sources */,
				29B97317FDCFA39411CA2CEA /* Resources */,
				29B97323FDCFA39411CA2CEA /* Frameworks */,
				19C28FACFE9D520D11CA2CBB /* Products */,
				EB2F898012FD91470038A3FE /* main.h */,
				EB2F898112FD91470038A3FE /* main.cpp */,
			);
			name = AiffPlayer;
			sourceTree = "<group>";
		};
		29B97315FDCFA39411CA2CEA /* Other Sources */ = {
			isa = PBXGroup;
			children = (
				4DE339F60D74FCDD00ADB6EE /* rb_main.rb */,
				29B97316FDCFA39411CA2CEA /* main.m */,
			);
			name = "Other Sources";
			sourceTree = "<group>";
		};
		29B97317FDCFA39411CA2CEA /* Resources */ = {
			isa = PBXGroup;
			children = (
				EB0705271327E61500BA0AFB /* Spectrum3D.xib */,
				2BFA9DA510CDF852007972A1 /* MainMenu.xib */,
				8D1107310486CEB800E47090 /* Info.plist */,
				089C165CFE840E0CC02AAC07 /* InfoPlist.strings */,
			);
			name = Resources;
			sourceTree = "<group>";
		};
		29B97323FDCFA39411CA2CEA /* Frameworks */ = {
			isa = PBXGroup;
			children = (
				1058C7A0FEA54F0111CA2CBB /* Linked Frameworks */,
				1058C7A2FEA54F0111CA2CBB /* Other Frameworks */,
			);
			name = Frameworks;
			sourceTree = "<group>";
		};
		EB423EE912D5D89F009069BF /* Utility */ = {
			isa = PBXGroup;
			children = (
				EBD0F6B512D5BF1A00CF6B7B /* util.mm */,
				EBD0F6B412D5BF1A00CF6B7B /* util.h */,
				EBF5D61712C5A85E00AD3C6C /* RUtil.rb */,
			);
			name = Utility;
			sourceTree = "<group>";
		};
		EB423EEB12D5D8B2009069BF /* Legacy */ = {
			isa = PBXGroup;
			children = (
				EBD0F6BA12D5C02000CF6B7B /* SinGenerator.mm */,
				EBD0F6B912D5C02000CF6B7B /* SinGenerator.h */,
			);
			name = Legacy;
			sourceTree = "<group>";
		};
		EB62FD8912F6B4BE001F1B87 /* Aiff_internal */ = {
			isa = PBXGroup;
			children = (
				EB5FDD2212D2FE5400B34D5A /* ieee.h */,
				EB5FDD2112D2FE5400B34D5A /* ieee.c */,
			);
			name = Aiff_internal;
			sourceTree = "<group>";
		};
/* End PBXGroup section */

/* Begin PBXNativeTarget section */
		8D1107260486CEB800E47090 /* AiffPlayer */ = {
			isa = PBXNativeTarget;
			buildConfigurationList = C01FCF4A08A954540054247B /* Build configuration list for PBXNativeTarget "AiffPlayer" */;
			buildPhases = (
				8D1107290486CEB800E47090 /* Resources */,
				8D11072C0486CEB800E47090 /* Sources */,
				8D11072E0486CEB800E47090 /* Frameworks */,
				172754B4107597CF00D0347B /* CopyFiles */,
			);
			buildRules = (
			);
			dependencies = (
			);
			name = AiffPlayer;
			productInstallPath = "$(HOME)/Applications";
			productName = AiffPlayer;
			productReference = 8D1107320486CEB800E47090 /* AiffPlayer.app */;
			productType = "com.apple.product-type.application";
		};
		EB2F899C12FD920A0038A3FE /* testfft2 */ = {
			isa = PBXNativeTarget;
			buildConfigurationList = EB2F89A112FD92280038A3FE /* Build configuration list for PBXNativeTarget "testfft2" */;
			buildPhases = (
				EB2F899A12FD920A0038A3FE /* Sources */,
				EB2F899B12FD920A0038A3FE /* Frameworks */,
			);
			buildRules = (
			);
			dependencies = (
			);
			name = testfft2;
			productName = testfft2;
			productReference = EB2F899D12FD920A0038A3FE /* testfft2 */;
			productType = "com.apple.product-type.tool";
		};
/* End PBXNativeTarget section */

/* Begin PBXProject section */
		29B97313FDCFA39411CA2CEA /* Project object */ = {
			isa = PBXProject;
			buildConfigurationList = C01FCF4E08A954540054247B /* Build configuration list for PBXProject "AiffPlayer" */;
			compatibilityVersion = "Xcode 3.0";
			developmentRegion = English;
			hasScannedForEncodings = 1;
			knownRegions = (
				English,
				Japanese,
				French,
				German,
			);
			mainGroup = 29B97314FDCFA39411CA2CEA /* AiffPlayer */;
			projectDirPath = "";
			projectRoot = "";
			targets = (
				8D1107260486CEB800E47090 /* AiffPlayer */,
				172754BD107597F200D0347B /* Unit Tests */,
				4D1A51A510A4FF640046A98A /* Embed */,
				EB2F899C12FD920A0038A3FE /* testfft2 */,
			);
		};
/* End PBXProject section */

/* Begin PBXResourcesBuildPhase section */
		8D1107290486CEB800E47090 /* Resources */ = {
			isa = PBXResourcesBuildPhase;
			buildActionMask = 2147483647;
			files = (
				8D11072B0486CEB800E47090 /* InfoPlist.strings in Resources */,
				4DE339F70D74FCDD00ADB6EE /* rb_main.rb in Resources */,
				2BFA9DA710CDF852007972A1 /* MainMenu.xib in Resources */,
				EBB1B75E12BB368300E07FD0 /* Controller.rb in Resources */,
				EBF5D61812C5A85E00AD3C6C /* RUtil.rb in Resources */,
				EBB6F8DD12E20CAA00DE75FB /* MainView.rb in Resources */,
				EB0705281327E61500BA0AFB /* Spectrum3D.xib in Resources */,
				EB07052A1327E63B00BA0AFB /* Spectrum3DController.rb in Resources */,
			);
			runOnlyForDeploymentPostprocessing = 0;
		};
/* End PBXResourcesBuildPhase section */

/* Begin PBXShellScriptBuildPhase section */
		172754BC107597F200D0347B /* ShellScript */ = {
			isa = PBXShellScriptBuildPhase;
			buildActionMask = 2147483647;
			files = (
			);
			inputPaths = (
			);
			outputPaths = (
			);
			runOnlyForDeploymentPostprocessing = 0;
			shellPath = /bin/sh;
			shellScript = "/usr/local/bin/macruby Tests/run_suite.rb";
		};
		4D1A51A410A4FF640046A98A /* ShellScript */ = {
			isa = PBXShellScriptBuildPhase;
			buildActionMask = 2147483647;
			files = (
			);
			inputPaths = (
			);
			outputPaths = (
			);
			runOnlyForDeploymentPostprocessing = 0;
			shellPath = /bin/sh;
			shellScript = "# The macruby_deploy command-line tool with the --embed argument will make sure the MacRuby framework will be embedded in your .app. Default options will be used. Pass the -h option to get more information.\nPATH=\"$PATH:/usr/local/bin\" macruby_deploy --embed \"$TARGET_BUILD_DIR/$PROJECT_NAME.app\"";
		};
/* End PBXShellScriptBuildPhase section */

/* Begin PBXSourcesBuildPhase section */
		8D11072C0486CEB800E47090 /* Sources */ = {
			isa = PBXSourcesBuildPhase;
			buildActionMask = 2147483647;
			files = (
				8D11072D0486CEB800E47090 /* main.m in Sources */,
				EBB1B78312BB385A00E07FD0 /* AUProcessor.mm in Sources */,
				EB5FDD2312D2FE5400B34D5A /* Aiff.mm in Sources */,
				EB5FDD2412D2FE5400B34D5A /* ieee.c in Sources */,
				EBD0F6B612D5BF1A00CF6B7B /* util.mm in Sources */,
				EBD0F6BB12D5C02000CF6B7B /* SinGenerator.mm in Sources */,
				EB90B1CC12DA34EC00A44013 /* WholeViewObjC.mm in Sources */,
				EB62FDF612F6D973001F1B87 /* SpectrumView.mm in Sources */,
				EB8A22E412FC4F9D0001A9EA /* fft.cpp in Sources */,
				EB07052F1327E69D00BA0AFB /* SpectrumView3D.mm in Sources */,
				EB0705301327E69D00BA0AFB /* 3d.mm in Sources */,
				EB0FBAE51358809A00B13381 /* RangeX.m in Sources */,
				EB6F83F61358DEFE007E0228 /* PercentStringTransformer.m in Sources */,
			);
			runOnlyForDeploymentPostprocessing = 0;
		};
		EB2F899A12FD920A0038A3FE /* Sources */ = {
			isa = PBXSourcesBuildPhase;
			buildActionMask = 2147483647;
			files = (
				EB2F89B712FD952E0038A3FE /* fft.cpp in Sources */,
				EB2F89A212FD92420038A3FE /* main.cpp in Sources */,
			);
			runOnlyForDeploymentPostprocessing = 0;
		};
/* End PBXSourcesBuildPhase section */

/* Begin PBXVariantGroup section */
		089C165CFE840E0CC02AAC07 /* InfoPlist.strings */ = {
			isa = PBXVariantGroup;
			children = (
				089C165DFE840E0CC02AAC07 /* English */,
			);
			name = InfoPlist.strings;
			sourceTree = "<group>";
		};
		2BFA9DA510CDF852007972A1 /* MainMenu.xib */ = {
			isa = PBXVariantGroup;
			children = (
				2BFA9DA610CDF852007972A1 /* English */,
			);
			name = MainMenu.xib;
			sourceTree = "<group>";
		};
/* End PBXVariantGroup section */

/* Begin XCBuildConfiguration section */
		172754BE107597F200D0347B /* Debug */ = {
			isa = XCBuildConfiguration;
			buildSettings = {
				COPY_PHASE_STRIP = NO;
				GCC_DYNAMIC_NO_PIC = NO;
				GCC_OPTIMIZATION_LEVEL = 0;
				PRODUCT_NAME = "Unit Tests";
			};
			name = Debug;
		};
		172754BF107597F200D0347B /* Release */ = {
			isa = XCBuildConfiguration;
			buildSettings = {
				COPY_PHASE_STRIP = YES;
				DEBUG_INFORMATION_FORMAT = "dwarf-with-dsym";
				GCC_ENABLE_FIX_AND_CONTINUE = NO;
				PRODUCT_NAME = "Unit Tests";
				ZERO_LINK = NO;
			};
			name = Release;
		};
		4D1A51A610A4FF640046A98A /* Debug */ = {
			isa = XCBuildConfiguration;
			buildSettings = {
				COPY_PHASE_STRIP = NO;
				GCC_DYNAMIC_NO_PIC = NO;
				GCC_OPTIMIZATION_LEVEL = 0;
				PRODUCT_NAME = Embed;
			};
			name = Debug;
		};
		4D1A51A710A4FF640046A98A /* Release */ = {
			isa = XCBuildConfiguration;
			buildSettings = {
				COPY_PHASE_STRIP = YES;
				DEBUG_INFORMATION_FORMAT = "dwarf-with-dsym";
				GCC_ENABLE_FIX_AND_CONTINUE = NO;
				PRODUCT_NAME = Embed;
				ZERO_LINK = NO;
			};
			name = Release;
		};
		C01FCF4B08A954540054247B /* Debug */ = {
			isa = XCBuildConfiguration;
			buildSettings = {
				COPY_PHASE_STRIP = NO;
				FRAMEWORK_SEARCH_PATHS = (
					"$(inherited)",
					"\"$(SRCROOT)/build/Debug\"",
				);
				GCC_DYNAMIC_NO_PIC = NO;
				GCC_ENABLE_FIX_AND_CONTINUE = YES;
				GCC_MODEL_TUNING = G5;
				GCC_OPTIMIZATION_LEVEL = 0;
				GCC_PRECOMPILE_PREFIX_HEADER = YES;
				INFOPLIST_FILE = Info.plist;
				INSTALL_PATH = "$(HOME)/Applications";
				PRODUCT_NAME = AiffPlayer;
				WRAPPER_EXTENSION = app;
				ZERO_LINK = YES;
			};
			name = Debug;
		};
		C01FCF4C08A954540054247B /* Release */ = {
			isa = XCBuildConfiguration;
			buildSettings = {
				DEBUG_INFORMATION_FORMAT = "dwarf-with-dsym";
				FRAMEWORK_SEARCH_PATHS = (
					"$(inherited)",
					"\"$(SRCROOT)/build/Debug\"",
				);
				GCC_MODEL_TUNING = G5;
				GCC_PRECOMPILE_PREFIX_HEADER = YES;
				INFOPLIST_FILE = Info.plist;
				INSTALL_PATH = "$(HOME)/Applications";
				PRODUCT_NAME = AiffPlayer;
				WRAPPER_EXTENSION = app;
			};
			name = Release;
		};
		C01FCF4F08A954540054247B /* Debug */ = {
			isa = XCBuildConfiguration;
			buildSettings = {
				ARCHS = "$(ARCHS_STANDARD_64_BIT_PRE_XCODE_3_1)";
				ARCHS_STANDARD_64_BIT_PRE_XCODE_3_1 = x86_64;
				GCC_ENABLE_OBJC_GC = supported;
				GCC_PRECOMPILE_PREFIX_HEADER = NO;
				GCC_WARN_ABOUT_RETURN_TYPE = YES;
				GCC_WARN_UNUSED_VARIABLE = YES;
				OTHER_CPLUSPLUSFLAGS = (
					"-ftree-vectorize",
					"$(OTHER_CFLAGS)",
				);
				PREBINDING = NO;
				SDKROOT = macosx;
				VALID_ARCHS = x86_64;
			};
			name = Debug;
		};
		C01FCF5008A954540054247B /* Release */ = {
			isa = XCBuildConfiguration;
			buildSettings = {
				ARCHS = "$(ARCHS_STANDARD_64_BIT_PRE_XCODE_3_1)";
				ARCHS_STANDARD_64_BIT_PRE_XCODE_3_1 = x86_64;
				GCC_ENABLE_OBJC_GC = required;
				GCC_WARN_ABOUT_RETURN_TYPE = YES;
				GCC_WARN_UNUSED_VARIABLE = YES;
				PREBINDING = NO;
				SDKROOT = macosx;
				VALID_ARCHS = x86_64;
			};
			name = Release;
		};
		EB2F899F12FD920A0038A3FE /* Debug */ = {
			isa = XCBuildConfiguration;
			buildSettings = {
				ALWAYS_SEARCH_USER_PATHS = NO;
				COPY_PHASE_STRIP = NO;
				GCC_DYNAMIC_NO_PIC = NO;
				GCC_ENABLE_FIX_AND_CONTINUE = YES;
				GCC_MODEL_TUNING = G5;
				GCC_OPTIMIZATION_LEVEL = 0;
				INSTALL_PATH = /usr/local/bin;
				PREBINDING = NO;
				PRODUCT_NAME = testfft2;
			};
			name = Debug;
		};
		EB2F89A012FD920A0038A3FE /* Release */ = {
			isa = XCBuildConfiguration;
			buildSettings = {
				ALWAYS_SEARCH_USER_PATHS = NO;
				COPY_PHASE_STRIP = YES;
				DEBUG_INFORMATION_FORMAT = "dwarf-with-dsym";
				GCC_ENABLE_FIX_AND_CONTINUE = NO;
				GCC_MODEL_TUNING = G5;
				INSTALL_PATH = /usr/local/bin;
				PREBINDING = NO;
				PRODUCT_NAME = testfft2;
				ZERO_LINK = NO;
			};
			name = Release;
		};
/* End XCBuildConfiguration section */

/* Begin XCConfigurationList section */
		172754C7107597F400D0347B /* Build configuration list for PBXAggregateTarget "Unit Tests" */ = {
			isa = XCConfigurationList;
			buildConfigurations = (
				172754BE107597F200D0347B /* Debug */,
				172754BF107597F200D0347B /* Release */,
			);
			defaultConfigurationIsVisible = 0;
			defaultConfigurationName = Release;
		};
		4D1A51AC10A4FF6A0046A98A /* Build configuration list for PBXAggregateTarget "Embed" */ = {
			isa = XCConfigurationList;
			buildConfigurations = (
				4D1A51A610A4FF640046A98A /* Debug */,
				4D1A51A710A4FF640046A98A /* Release */,
			);
			defaultConfigurationIsVisible = 0;
			defaultConfigurationName = Release;
		};
		C01FCF4A08A954540054247B /* Build configuration list for PBXNativeTarget "AiffPlayer" */ = {
			isa = XCConfigurationList;
			buildConfigurations = (
				C01FCF4B08A954540054247B /* Debug */,
				C01FCF4C08A954540054247B /* Release */,
			);
			defaultConfigurationIsVisible = 0;
			defaultConfigurationName = Release;
		};
		C01FCF4E08A954540054247B /* Build configuration list for PBXProject "AiffPlayer" */ = {
			isa = XCConfigurationList;
			buildConfigurations = (
				C01FCF4F08A954540054247B /* Debug */,
				C01FCF5008A954540054247B /* Release */,
			);
			defaultConfigurationIsVisible = 0;
			defaultConfigurationName = Release;
		};
		EB2F89A112FD92280038A3FE /* Build configuration list for PBXNativeTarget "testfft2" */ = {
			isa = XCConfigurationList;
			buildConfigurations = (
				EB2F899F12FD920A0038A3FE /* Debug */,
				EB2F89A012FD920A0038A3FE /* Release */,
			);
			defaultConfigurationIsVisible = 0;
			defaultConfigurationName = Release;
		};
/* End XCConfigurationList section */
	};
	rootObject = 29B97313FDCFA39411CA2CEA /* Project object */;
}
